# This file is automatically @generated by Poetry and should not be changed by hand.

[[package]]
name = "opi-gpio"
version = "0.5.2"
description = "A drop-in replacement for RPi.GPIO for the Orange Pi Zero"
category = "main"
optional = false
python-versions = "*"
files = [
    {file = "OPi.GPIO-0.5.2-py2.py3-none-any.whl", hash = "sha256:879df199d19c2f3e0c79820092ba2e1e631b4d40370fb8a91c52869ec74fb449"},
    {file = "OPi.GPIO-0.5.2.tar.gz", hash = "sha256:8c8a32e1da559010880034f8810844c5321912b26d35b637d359e1d75368dba9"},
]

[package.extras]
docs = ["sphinx (>=1.5.3)"]
test = ["mock", "pyfakefs", "pytest", "pytest-cov"]

[[package]]
name = "pyserial"
version = "3.5"
description = "Python Serial Port Extension"
category = "main"
optional = false
python-versions = "*"
files = [
    {file = "pyserial-3.5-py2.py3-none-any.whl", hash = "sha256:c4451db6ba391ca6ca299fb3ec7bae67a5c55dde170964c7a14ceefec02f2cf0"},
    {file = "pyserial-3.5.tar.gz", hash = "sha256:3c77e014170dfffbd816e6ffc205e9842efb10be9f58ec16d3e8675b4925cddb"},
]

[package.extras]
cp2110 = ["hidapi"]

[metadata]
lock-version = "2.0"
python-versions = "^3.10"
content-hash = "fb0b2d7693c53e3500b3d0012882ad62e915874a4064d60a95dd087be953216e"
