# This file is automatically @generated by Poetry and should not be changed by hand.

[[package]]
name = "opi-gpio"
version = "0.5.2"
description = "A drop-in replacement for RPi.GPIO for the Orange Pi Zero"
category = "main"
optional = false
python-versions = "*"
files = [
    {file = "OPi.GPIO-0.5.2-py2.py3-none-any.whl", hash = "sha256:879df199d19c2f3e0c79820092ba2e1e631b4d40370fb8a91c52869ec74fb449"},
    {file = "OPi.GPIO-0.5.2.tar.gz", hash = "sha256:8c8a32e1da559010880034f8810844c5321912b26d35b637d359e1d75368dba9"},
]

[package.extras]
docs = ["sphinx (>=1.5.3)"]
test = ["mock", "pyfakefs", "pytest", "pytest-cov"]

[[package]]
name = "pyserial"
version = "3.5"
description = "Python Serial Port Extension"
category = "main"
optional = false
python-versions = "*"
files = [
    {file = "pyserial-3.5-py2.py3-none-any.whl", hash = "sha256:c4451db6ba391ca6ca299fb3ec7bae67a5c55dde170964c7a14ceefec02f2cf0"},
    {file = "pyserial-3.5.tar.gz", hash = "sha256:3c77e014170dfffbd816e6ffc205e9842efb10be9f58ec16d3e8675b4925cddb"},
]

[package.extras]
cp2110 = ["hidapi"]

[[package]]
name = "python-decouple"
version = "3.7"
description = "Strict separation of settings from code."
category = "main"
optional = false
python-versions = "*"
files = [
    {file = "python-decouple-3.7.tar.gz", hash = "sha256:e88a8d6bdf3b07d471a854099e455e20a6fa7a4d6ecf8631b250e3db654336e6"},
    {file = "python_decouple-3.7-py3-none-any.whl", hash = "sha256:1596dad2670cca5b1f87d087d9adb6a1958c590df346b85d4b19a9d6f0d52cef"},
]

[metadata]
lock-version = "2.0"
python-versions = "^3.10"
content-hash = "6bb95e0c5311fddc78ea9a9cd345d12d495d2423dd650cfa5c402051c5e670f7"
